
Microsoft Visual Studio Solution File, Format Version 12.00
# Visual Studio Version 16
VisualStudioVersion = 16.0.29424.173
MinimumVisualStudioVersion = 10.0.40219.1
Project("{FAE04EC0-301F-11D3-BF4B-00C04F79EFBC}") = "DbQueryBuilder", "DbQueryBuilder\DbQueryBuilder.csproj", "{2BF13EEF-2580-4CE7-BF75-25E551132AC0}"
EndProject
Project("{FAE04EC0-301F-11D3-BF4B-00C04F79EFBC}") = "DbQueryBuilder.MsSql", "DbQueryBuilder.MsSql\DbQueryBuilder.MsSql.csproj", "{D2F4CF48-653F-4493-94B8-35B8ECEE23D3}"
EndProject
Global
	GlobalSection(SolutionConfigurationPlatforms) = preSolution
		Debug|Any CPU = Debug|Any CPU
		Release|Any CPU = Release|Any CPU
	EndGlobalSection
	GlobalSection(ProjectConfigurationPlatforms) = postSolution
		{2BF13EEF-2580-4CE7-BF75-25E551132AC0}.Debug|Any CPU.ActiveCfg = Debug|Any CPU
		{2BF13EEF-2580-4CE7-BF75-25E551132AC0}.Debug|Any CPU.Build.0 = Debug|Any CPU
		{2BF13EEF-2580-4CE7-BF75-25E551132AC0}.Release|Any CPU.ActiveCfg = Release|Any CPU
		{2BF13EEF-2580-4CE7-BF75-25E551132AC0}.Release|Any CPU.Build.0 = Release|Any CPU
		{D2F4CF48-653F-4493-94B8-35B8ECEE23D3}.Debug|Any CPU.ActiveCfg = Debug|Any CPU
		{D2F4CF48-653F-4493-94B8-35B8ECEE23D3}.Debug|Any CPU.Build.0 = Debug|Any CPU
		{D2F4CF48-653F-4493-94B8-35B8ECEE23D3}.Release|Any CPU.ActiveCfg = Release|Any CPU
		{D2F4CF48-653F-4493-94B8-35B8ECEE23D3}.Release|Any CPU.Build.0 = Release|Any CPU
	EndGlobalSection
	GlobalSection(SolutionProperties) = preSolution
		HideSolutionNode = FALSE
	EndGlobalSection
	GlobalSection(ExtensibilityGlobals) = postSolution
		SolutionGuid = {22843318-3092-472A-B70B-2B83BDC9161D}
	EndGlobalSection
EndGlobal
